
Microsoft Visual Studio Solution File, Format Version 12.00
# Visual Studio 2013
VisualStudioVersion = 12.0.30501.0
MinimumVisualStudioVersion = 10.0.40219.1
Project("{2150E333-8FDC-42A3-9474-1A3956D46DE8}") = ".nuget", ".nuget", "{52314609-10BE-4044-8C3A-DB9259B4F144}"
	ProjectSection(SolutionItems) = preProject
		.nuget\NuGet.Config = .nuget\NuGet.Config
		.nuget\NuGet.exe = .nuget\NuGet.exe
		.nuget\NuGet.targets = .nuget\NuGet.targets
	EndProjectSection
EndProject
Project("{FAE04EC0-301F-11D3-BF4B-00C04F79EFBC}") = "AtTheMovies", "servers\webapi\AtTheMovies.csproj", "{672230CB-5240-4055-A213-B7016E800C5C}"
EndProject
Project("{E24C65DC-7377-472B-9ABA-BC803B73C61A}") = "client", "http://localhost:53027", "{019C90F0-9E4E-486F-BA46-DC3555C3BF8C}"
	ProjectSection(WebsiteProperties) = preProject
		UseIISExpress = "true"
		TargetFrameworkMoniker = ".NETFramework,Version%3Dv4.0"
		Debug.AspNetCompiler.VirtualPath = "/localhost_53027"
		Debug.AspNetCompiler.PhysicalPath = "client\"
		Debug.AspNetCompiler.TargetPath = "PrecompiledWeb\localhost_53027\"
		Debug.AspNetCompiler.Updateable = "true"
		Debug.AspNetCompiler.ForceOverwrite = "true"
		Debug.AspNetCompiler.FixedNames = "false"
		Debug.AspNetCompiler.Debug = "True"
		Release.AspNetCompiler.VirtualPath = "/localhost_53027"
		Release.AspNetCompiler.PhysicalPath = "client\"
		Release.AspNetCompiler.TargetPath = "PrecompiledWeb\localhost_53027\"
		Release.AspNetCompiler.Updateable = "true"
		Release.AspNetCompiler.ForceOverwrite = "true"
		Release.AspNetCompiler.FixedNames = "false"
		Release.AspNetCompiler.Debug = "False"
		SlnRelativePath = "client\"
	EndProjectSection
EndProject
Global
	GlobalSection(SolutionConfigurationPlatforms) = preSolution
		Debug|Any CPU = Debug|Any CPU
		Release|Any CPU = Release|Any CPU
	EndGlobalSection
	GlobalSection(ProjectConfigurationPlatforms) = postSolution
		{672230CB-5240-4055-A213-B7016E800C5C}.Debug|Any CPU.ActiveCfg = Debug|Any CPU
		{672230CB-5240-4055-A213-B7016E800C5C}.Debug|Any CPU.Build.0 = Debug|Any CPU
		{672230CB-5240-4055-A213-B7016E800C5C}.Release|Any CPU.ActiveCfg = Release|Any CPU
		{672230CB-5240-4055-A213-B7016E800C5C}.Release|Any CPU.Build.0 = Release|Any CPU
		{019C90F0-9E4E-486F-BA46-DC3555C3BF8C}.Debug|Any CPU.ActiveCfg = Debug|Any CPU
		{019C90F0-9E4E-486F-BA46-DC3555C3BF8C}.Debug|Any CPU.Build.0 = Debug|Any CPU
		{019C90F0-9E4E-486F-BA46-DC3555C3BF8C}.Release|Any CPU.ActiveCfg = Debug|Any CPU
		{019C90F0-9E4E-486F-BA46-DC3555C3BF8C}.Release|Any CPU.Build.0 = Debug|Any CPU
	EndGlobalSection
	GlobalSection(SolutionProperties) = preSolution
		HideSolutionNode = FALSE
	EndGlobalSection
EndGlobal
